
Microsoft Visual Studio Solution File, Format Version 12.00
Project("{FAE04EC0-301F-11D3-BF4B-00C04F79EFBC}") = "Day11", "Day11\Day11.csproj", "{420229CC-A1E8-4208-AB75-6A6B23B83072}"
EndProject
Project("{FAE04EC0-301F-11D3-BF4B-00C04F79EFBC}") = "Day01", "Day01\Day01.csproj", "{AAF835A3-E347-4C29-AF7F-B64CDF104DB9}"
EndProject
Project("{FAE04EC0-301F-11D3-BF4B-00C04F79EFBC}") = "Day02", "Day02\Day02.csproj", "{E8C3B35E-2DA7-4903-9FE5-D31C3AB7E6B6}"
EndProject
Project("{FAE04EC0-301F-11D3-BF4B-00C04F79EFBC}") = "Day03", "Day03\Day03.csproj", "{D820A7DB-7CA5-428E-8E27-4514AC901660}"
EndProject
Global
	GlobalSection(SolutionConfigurationPlatforms) = preSolution
		Debug|Any CPU = Debug|Any CPU
		Release|Any CPU = Release|Any CPU
	EndGlobalSection
	GlobalSection(ProjectConfigurationPlatforms) = postSolution
		{420229CC-A1E8-4208-AB75-6A6B23B83072}.Debug|Any CPU.ActiveCfg = Debug|Any CPU
		{420229CC-A1E8-4208-AB75-6A6B23B83072}.Debug|Any CPU.Build.0 = Debug|Any CPU
		{420229CC-A1E8-4208-AB75-6A6B23B83072}.Release|Any CPU.ActiveCfg = Release|Any CPU
		{420229CC-A1E8-4208-AB75-6A6B23B83072}.Release|Any CPU.Build.0 = Release|Any CPU
		{AAF835A3-E347-4C29-AF7F-B64CDF104DB9}.Debug|Any CPU.ActiveCfg = Debug|Any CPU
		{AAF835A3-E347-4C29-AF7F-B64CDF104DB9}.Debug|Any CPU.Build.0 = Debug|Any CPU
		{AAF835A3-E347-4C29-AF7F-B64CDF104DB9}.Release|Any CPU.ActiveCfg = Release|Any CPU
		{AAF835A3-E347-4C29-AF7F-B64CDF104DB9}.Release|Any CPU.Build.0 = Release|Any CPU
		{E8C3B35E-2DA7-4903-9FE5-D31C3AB7E6B6}.Debug|Any CPU.ActiveCfg = Debug|Any CPU
		{E8C3B35E-2DA7-4903-9FE5-D31C3AB7E6B6}.Debug|Any CPU.Build.0 = Debug|Any CPU
		{E8C3B35E-2DA7-4903-9FE5-D31C3AB7E6B6}.Release|Any CPU.ActiveCfg = Release|Any CPU
		{E8C3B35E-2DA7-4903-9FE5-D31C3AB7E6B6}.Release|Any CPU.Build.0 = Release|Any CPU
		{D820A7DB-7CA5-428E-8E27-4514AC901660}.Debug|Any CPU.ActiveCfg = Debug|Any CPU
		{D820A7DB-7CA5-428E-8E27-4514AC901660}.Debug|Any CPU.Build.0 = Debug|Any CPU
		{D820A7DB-7CA5-428E-8E27-4514AC901660}.Release|Any CPU.ActiveCfg = Release|Any CPU
		{D820A7DB-7CA5-428E-8E27-4514AC901660}.Release|Any CPU.Build.0 = Release|Any CPU
	EndGlobalSection
EndGlobal
